
Microsoft Visual Studio Solution File, Format Version 12.00
# Visual Studio Version 16
VisualStudioVersion = 16.0.29123.88
MinimumVisualStudioVersion = 10.0.40219.1
Project("{FAE04EC0-301F-11D3-BF4B-00C04F79EFBC}") = "TestTasks", "TestTasks.csproj", "{304C4C83-77A4-440F-87DD-2B2ABF058738}"
EndProject
Global
	GlobalSection(SolutionConfigurationPlatforms) = preSolution
		Debug|Any CPU = Debug|Any CPU
		Release|Any CPU = Release|Any CPU
	EndGlobalSection
	GlobalSection(ProjectConfigurationPlatforms) = postSolution
		{304C4C83-77A4-440F-87DD-2B2ABF058738}.Debug|Any CPU.ActiveCfg = Debug|Any CPU
		{304C4C83-77A4-440F-87DD-2B2ABF058738}.Debug|Any CPU.Build.0 = Debug|Any CPU
		{304C4C83-77A4-440F-87DD-2B2ABF058738}.Release|Any CPU.ActiveCfg = Release|Any CPU
		{304C4C83-77A4-440F-87DD-2B2ABF058738}.Release|Any CPU.Build.0 = Release|Any CPU
	EndGlobalSection
	GlobalSection(SolutionProperties) = preSolution
		HideSolutionNode = FALSE
	EndGlobalSection
	GlobalSection(ExtensibilityGlobals) = postSolution
		SolutionGuid = {8A93EE67-439D-4FA5-A0BD-29D26492AA36}
	EndGlobalSection
EndGlobal
